
Microsoft Visual Studio Solution File, Format Version 12.00
# Visual Studio Version 16
VisualStudioVersion = 16.0.28729.10
MinimumVisualStudioVersion = 10.0.40219.1
Project("{FAE04EC0-301F-11D3-BF4B-00C04F79EFBC}") = "KeLi.Calendar", "KeLi.Calendar\KeLi.Calendar.csproj", "{43A60A72-397C-4396-8E4A-47160EBB558A}"
EndProject
Global
	GlobalSection(SolutionConfigurationPlatforms) = preSolution
		Debug|Any CPU = Debug|Any CPU
		Release|Any CPU = Release|Any CPU
	EndGlobalSection
	GlobalSection(ProjectConfigurationPlatforms) = postSolution
		{43A60A72-397C-4396-8E4A-47160EBB558A}.Debug|Any CPU.ActiveCfg = Debug|Any CPU
		{43A60A72-397C-4396-8E4A-47160EBB558A}.Debug|Any CPU.Build.0 = Debug|Any CPU
		{43A60A72-397C-4396-8E4A-47160EBB558A}.Release|Any CPU.ActiveCfg = Release|Any CPU
		{43A60A72-397C-4396-8E4A-47160EBB558A}.Release|Any CPU.Build.0 = Release|Any CPU
	EndGlobalSection
	GlobalSection(SolutionProperties) = preSolution
		HideSolutionNode = FALSE
	EndGlobalSection
	GlobalSection(ExtensibilityGlobals) = postSolution
		SolutionGuid = {E24CF7D0-82C8-4EA4-A47B-E01748F80DEA}
	EndGlobalSection
EndGlobal
